
Microsoft Visual Studio Solution File, Format Version 11.00
# Visual Studio 2010
Project("{FAE04EC0-301F-11D3-BF4B-00C04F79EFBC}") = "Assembly-CSharp", "Assembly-CSharp.csproj", "{07E6A466-6111-DD21-E919-6EDBA990CEFA}"
EndProject
Global
	GlobalSection(SolutionConfigurationPlatforms) = preSolution
		Debug|Any CPU = Debug|Any CPU
		Release|Any CPU = Release|Any CPU
	EndGlobalSection
	GlobalSection(ProjectConfigurationPlatforms) = postSolution
		{07E6A466-6111-DD21-E919-6EDBA990CEFA}.Debug|Any CPU.ActiveCfg = Debug|Any CPU
		{07E6A466-6111-DD21-E919-6EDBA990CEFA}.Debug|Any CPU.Build.0 = Debug|Any CPU
		{07E6A466-6111-DD21-E919-6EDBA990CEFA}.Release|Any CPU.ActiveCfg = Release|Any CPU
		{07E6A466-6111-DD21-E919-6EDBA990CEFA}.Release|Any CPU.Build.0 = Release|Any CPU
	EndGlobalSection
	GlobalSection(SolutionProperties) = preSolution
		HideSolutionNode = FALSE
	EndGlobalSection
EndGlobal
